
Microsoft Visual Studio Solution File, Format Version 12.00
# Visual Studio Version 16
VisualStudioVersion = 16.0.30621.155
MinimumVisualStudioVersion = 10.0.40219.1
Project("{FAE04EC0-301F-11D3-BF4B-00C04F79EFBC}") = "ShippingCalc", "ShippingCalc\ShippingCalc.csproj", "{6AE3F5A1-6EA7-4C35-8BF3-99AB00EE801A}"
EndProject
Global
	GlobalSection(SolutionConfigurationPlatforms) = preSolution
		Debug|Any CPU = Debug|Any CPU
		Release|Any CPU = Release|Any CPU
	EndGlobalSection
	GlobalSection(ProjectConfigurationPlatforms) = postSolution
		{6AE3F5A1-6EA7-4C35-8BF3-99AB00EE801A}.Debug|Any CPU.ActiveCfg = Debug|Any CPU
		{6AE3F5A1-6EA7-4C35-8BF3-99AB00EE801A}.Debug|Any CPU.Build.0 = Debug|Any CPU
		{6AE3F5A1-6EA7-4C35-8BF3-99AB00EE801A}.Release|Any CPU.ActiveCfg = Release|Any CPU
		{6AE3F5A1-6EA7-4C35-8BF3-99AB00EE801A}.Release|Any CPU.Build.0 = Release|Any CPU
	EndGlobalSection
	GlobalSection(SolutionProperties) = preSolution
		HideSolutionNode = FALSE
	EndGlobalSection
	GlobalSection(ExtensibilityGlobals) = postSolution
		SolutionGuid = {A6BD3B59-D9B6-48EC-B75A-25A7A642B155}
	EndGlobalSection
EndGlobal
